
Microsoft Visual Studio Solution File, Format Version 12.00
# Visual Studio Version 17
VisualStudioVersion = 17.3.32611.2
MinimumVisualStudioVersion = 10.0.40219.1
Project("{9A19103F-16F7-4668-BE54-9A1E7A4F7556}") = "Movies.Api", "Movies.Api.csproj", "{041C160F-B611-4079-834F-AF196BCDDB6A}"
EndProject
Project("{FAE04EC0-301F-11D3-BF4B-00C04F79EFBC}") = "Movies.Api.Tests", "..\Movies.Api.Tests\Movies.Api.Tests.csproj", "{ECFAF3FF-8FDA-4409-8A3A-C764519B4074}"
EndProject
Global
	GlobalSection(SolutionConfigurationPlatforms) = preSolution
		Debug|Any CPU = Debug|Any CPU
		Release|Any CPU = Release|Any CPU
	EndGlobalSection
	GlobalSection(ProjectConfigurationPlatforms) = postSolution
		{041C160F-B611-4079-834F-AF196BCDDB6A}.Debug|Any CPU.ActiveCfg = Debug|Any CPU
		{041C160F-B611-4079-834F-AF196BCDDB6A}.Debug|Any CPU.Build.0 = Debug|Any CPU
		{041C160F-B611-4079-834F-AF196BCDDB6A}.Release|Any CPU.ActiveCfg = Release|Any CPU
		{041C160F-B611-4079-834F-AF196BCDDB6A}.Release|Any CPU.Build.0 = Release|Any CPU
		{ECFAF3FF-8FDA-4409-8A3A-C764519B4074}.Debug|Any CPU.ActiveCfg = Debug|Any CPU
		{ECFAF3FF-8FDA-4409-8A3A-C764519B4074}.Debug|Any CPU.Build.0 = Debug|Any CPU
		{ECFAF3FF-8FDA-4409-8A3A-C764519B4074}.Release|Any CPU.ActiveCfg = Release|Any CPU
		{ECFAF3FF-8FDA-4409-8A3A-C764519B4074}.Release|Any CPU.Build.0 = Release|Any CPU
	EndGlobalSection
	GlobalSection(SolutionProperties) = preSolution
		HideSolutionNode = FALSE
	EndGlobalSection
	GlobalSection(ExtensibilityGlobals) = postSolution
		SolutionGuid = {710517BB-9296-4A45-8D51-9FEBCC885423}
	EndGlobalSection
EndGlobal
